
Microsoft Visual Studio Solution File, Format Version 12.00
# Visual Studio Version 17
VisualStudioVersion = 17.0.31903.59
MinimumVisualStudioVersion = 10.0.40219.1
Project("{2150E333-8FDC-42A3-9474-1A3956D46DE8}") = "src", "src", "{827E0CD3-B72D-47B6-A68D-7590B98EB39B}"
EndProject
Project("{FAE04EC0-301F-11D3-BF4B-00C04F79EFBC}") = "LumaLog", "src\LumaLog\LumaLog.csproj", "{6A8CFDD5-93C0-4010-B77E-E495F4E2B9C0}"
EndProject
Project("{FAE04EC0-301F-11D3-BF4B-00C04F79EFBC}") = "LumaLog.AspNetCore", "src\LumaLog.AspNetCore\LumaLog.AspNetCore.csproj", "{7562DF36-1373-433C-B569-5CBFC2F4FD6E}"
EndProject
Project("{FAE04EC0-301F-11D3-BF4B-00C04F79EFBC}") = "LumaLog.UI", "src\LumaLog.UI\LumaLog.UI.csproj", "{17F25332-0128-4BF7-9432-87432DA9EF2C}"
EndProject
Project("{FAE04EC0-301F-11D3-BF4B-00C04F79EFBC}") = "LumaLog.Serilog", "src\LumaLog.Serilog\LumaLog.Serilog.csproj", "{DC725FD6-47BD-431B-9F6A-3E9DEC76D87C}"
EndProject
Project("{FAE04EC0-301F-11D3-BF4B-00C04F79EFBC}") = "LumaLog.SqlServer", "src\LumaLog.SqlServer\LumaLog.SqlServer.csproj", "{32CDABFF-901A-4018-9CF7-597A782DAAAD}"
EndProject
Project("{FAE04EC0-301F-11D3-BF4B-00C04F79EFBC}") = "LumaLog.MySql", "src\LumaLog.MySql\LumaLog.MySql.csproj", "{52EDA605-FCBE-43A9-9FC7-17765D0CE1F3}"
EndProject
Project("{FAE04EC0-301F-11D3-BF4B-00C04F79EFBC}") = "LumaLog.PostgreSql", "src\LumaLog.PostgreSql\LumaLog.PostgreSql.csproj", "{BA70AAF2-7E9F-4FD4-B566-3992932F8F13}"
EndProject
Project("{2150E333-8FDC-42A3-9474-1A3956D46DE8}") = "samples", "samples", "{5D20AA90-6969-D8BD-9DCD-8634F4692FDA}"
EndProject
Project("{FAE04EC0-301F-11D3-BF4B-00C04F79EFBC}") = "LumaLog.Sample.WebApp", "samples\LumaLog.Sample.WebApp\LumaLog.Sample.WebApp.csproj", "{6F906B8F-E71C-4F37-84E5-CB5ABC56D630}"
EndProject
Project("{FAE04EC0-301F-11D3-BF4B-00C04F79EFBC}") = "LumaLog.Sample.Api", "samples\LumaLog.Sample.Api\LumaLog.Sample.Api.csproj", "{8BA8989C-32EC-46D3-A4D8-4D93B298E488}"
EndProject
Project("{2150E333-8FDC-42A3-9474-1A3956D46DE8}") = "tests", "tests", "{0AB3BF05-4346-4AA6-1389-037BE0695223}"
EndProject
Project("{FAE04EC0-301F-11D3-BF4B-00C04F79EFBC}") = "LumaLog.Tests", "tests\LumaLog.Tests\LumaLog.Tests.csproj", "{27FF0A53-477B-4CB6-88BD-53372903987B}"
EndProject
Project("{FAE04EC0-301F-11D3-BF4B-00C04F79EFBC}") = "LumaLog.IntegrationTests", "tests\LumaLog.IntegrationTests\LumaLog.IntegrationTests.csproj", "{F63367A8-B308-477D-83E0-FDF118142AAA}"
EndProject
Global
	GlobalSection(SolutionConfigurationPlatforms) = preSolution
		Debug|Any CPU = Debug|Any CPU
		Debug|x64 = Debug|x64
		Debug|x86 = Debug|x86
		Release|Any CPU = Release|Any CPU
		Release|x64 = Release|x64
		Release|x86 = Release|x86
	EndGlobalSection
	GlobalSection(ProjectConfigurationPlatforms) = postSolution
		{6A8CFDD5-93C0-4010-B77E-E495F4E2B9C0}.Debug|Any CPU.ActiveCfg = Debug|Any CPU
		{6A8CFDD5-93C0-4010-B77E-E495F4E2B9C0}.Debug|Any CPU.Build.0 = Debug|Any CPU
		{6A8CFDD5-93C0-4010-B77E-E495F4E2B9C0}.Debug|x64.ActiveCfg = Debug|Any CPU
		{6A8CFDD5-93C0-4010-B77E-E495F4E2B9C0}.Debug|x64.Build.0 = Debug|Any CPU
		{6A8CFDD5-93C0-4010-B77E-E495F4E2B9C0}.Debug|x86.ActiveCfg = Debug|Any CPU
		{6A8CFDD5-93C0-4010-B77E-E495F4E2B9C0}.Debug|x86.Build.0 = Debug|Any CPU
		{6A8CFDD5-93C0-4010-B77E-E495F4E2B9C0}.Release|Any CPU.ActiveCfg = Release|Any CPU
		{6A8CFDD5-93C0-4010-B77E-E495F4E2B9C0}.Release|Any CPU.Build.0 = Release|Any CPU
		{6A8CFDD5-93C0-4010-B77E-E495F4E2B9C0}.Release|x64.ActiveCfg = Release|Any CPU
		{6A8CFDD5-93C0-4010-B77E-E495F4E2B9C0}.Release|x64.Build.0 = Release|Any CPU
		{6A8CFDD5-93C0-4010-B77E-E495F4E2B9C0}.Release|x86.ActiveCfg = Release|Any CPU
		{6A8CFDD5-93C0-4010-B77E-E495F4E2B9C0}.Release|x86.Build.0 = Release|Any CPU
		{7562DF36-1373-433C-B569-5CBFC2F4FD6E}.Debug|Any CPU.ActiveCfg = Debug|Any CPU
		{7562DF36-1373-433C-B569-5CBFC2F4FD6E}.Debug|Any CPU.Build.0 = Debug|Any CPU
		{7562DF36-1373-433C-B569-5CBFC2F4FD6E}.Debug|x64.ActiveCfg = Debug|Any CPU
		{7562DF36-1373-433C-B569-5CBFC2F4FD6E}.Debug|x64.Build.0 = Debug|Any CPU
		{7562DF36-1373-433C-B569-5CBFC2F4FD6E}.Debug|x86.ActiveCfg = Debug|Any CPU
		{7562DF36-1373-433C-B569-5CBFC2F4FD6E}.Debug|x86.Build.0 = Debug|Any CPU
		{7562DF36-1373-433C-B569-5CBFC2F4FD6E}.Release|Any CPU.ActiveCfg = Release|Any CPU
		{7562DF36-1373-433C-B569-5CBFC2F4FD6E}.Release|Any CPU.Build.0 = Release|Any CPU
		{7562DF36-1373-433C-B569-5CBFC2F4FD6E}.Release|x64.ActiveCfg = Release|Any CPU
		{7562DF36-1373-433C-B569-5CBFC2F4FD6E}.Release|x64.Build.0 = Release|Any CPU
		{7562DF36-1373-433C-B569-5CBFC2F4FD6E}.Release|x86.ActiveCfg = Release|Any CPU
		{7562DF36-1373-433C-B569-5CBFC2F4FD6E}.Release|x86.Build.0 = Release|Any CPU
		{17F25332-0128-4BF7-9432-87432DA9EF2C}.Debug|Any CPU.ActiveCfg = Debug|Any CPU
		{17F25332-0128-4BF7-9432-87432DA9EF2C}.Debug|Any CPU.Build.0 = Debug|Any CPU
		{17F25332-0128-4BF7-9432-87432DA9EF2C}.Debug|x64.ActiveCfg = Debug|Any CPU
		{17F25332-0128-4BF7-9432-87432DA9EF2C}.Debug|x64.Build.0 = Debug|Any CPU
		{17F25332-0128-4BF7-9432-87432DA9EF2C}.Debug|x86.ActiveCfg = Debug|Any CPU
		{17F25332-0128-4BF7-9432-87432DA9EF2C}.Debug|x86.Build.0 = Debug|Any CPU
		{17F25332-0128-4BF7-9432-87432DA9EF2C}.Release|Any CPU.ActiveCfg = Release|Any CPU
		{17F25332-0128-4BF7-9432-87432DA9EF2C}.Release|Any CPU.Build.0 = Release|Any CPU
		{17F25332-0128-4BF7-9432-87432DA9EF2C}.Release|x64.ActiveCfg = Release|Any CPU
		{17F25332-0128-4BF7-9432-87432DA9EF2C}.Release|x64.Build.0 = Release|Any CPU
		{17F25332-0128-4BF7-9432-87432DA9EF2C}.Release|x86.ActiveCfg = Release|Any CPU
		{17F25332-0128-4BF7-9432-87432DA9EF2C}.Release|x86.Build.0 = Release|Any CPU
		{DC725FD6-47BD-431B-9F6A-3E9DEC76D87C}.Debug|Any CPU.ActiveCfg = Debug|Any CPU
		{DC725FD6-47BD-431B-9F6A-3E9DEC76D87C}.Debug|Any CPU.Build.0 = Debug|Any CPU
		{DC725FD6-47BD-431B-9F6A-3E9DEC76D87C}.Debug|x64.ActiveCfg = Debug|Any CPU
		{DC725FD6-47BD-431B-9F6A-3E9DEC76D87C}.Debug|x64.Build.0 = Debug|Any CPU
		{DC725FD6-47BD-431B-9F6A-3E9DEC76D87C}.Debug|x86.ActiveCfg = Debug|Any CPU
		{DC725FD6-47BD-431B-9F6A-3E9DEC76D87C}.Debug|x86.Build.0 = Debug|Any CPU
		{DC725FD6-47BD-431B-9F6A-3E9DEC76D87C}.Release|Any CPU.ActiveCfg = Release|Any CPU
		{DC725FD6-47BD-431B-9F6A-3E9DEC76D87C}.Release|Any CPU.Build.0 = Release|Any CPU
		{DC725FD6-47BD-431B-9F6A-3E9DEC76D87C}.Release|x64.ActiveCfg = Release|Any CPU
		{DC725FD6-47BD-431B-9F6A-3E9DEC76D87C}.Release|x64.Build.0 = Release|Any CPU
		{DC725FD6-47BD-431B-9F6A-3E9DEC76D87C}.Release|x86.ActiveCfg = Release|Any CPU
		{DC725FD6-47BD-431B-9F6A-3E9DEC76D87C}.Release|x86.Build.0 = Release|Any CPU
		{32CDABFF-901A-4018-9CF7-597A782DAAAD}.Debug|Any CPU.ActiveCfg = Debug|Any CPU
		{32CDABFF-901A-4018-9CF7-597A782DAAAD}.Debug|Any CPU.Build.0 = Debug|Any CPU
		{32CDABFF-901A-4018-9CF7-597A782DAAAD}.Debug|x64.ActiveCfg = Debug|Any CPU
		{32CDABFF-901A-4018-9CF7-597A782DAAAD}.Debug|x64.Build.0 = Debug|Any CPU
		{32CDABFF-901A-4018-9CF7-597A782DAAAD}.Debug|x86.ActiveCfg = Debug|Any CPU
		{32CDABFF-901A-4018-9CF7-597A782DAAAD}.Debug|x86.Build.0 = Debug|Any CPU
		{32CDABFF-901A-4018-9CF7-597A782DAAAD}.Release|Any CPU.ActiveCfg = Release|Any CPU
		{32CDABFF-901A-4018-9CF7-597A782DAAAD}.Release|Any CPU.Build.0 = Release|Any CPU
		{32CDABFF-901A-4018-9CF7-597A782DAAAD}.Release|x64.ActiveCfg = Release|Any CPU
		{32CDABFF-901A-4018-9CF7-597A782DAAAD}.Release|x64.Build.0 = Release|Any CPU
		{32CDABFF-901A-4018-9CF7-597A782DAAAD}.Release|x86.ActiveCfg = Release|Any CPU
		{32CDABFF-901A-4018-9CF7-597A782DAAAD}.Release|x86.Build.0 = Release|Any CPU
		{52EDA605-FCBE-43A9-9FC7-17765D0CE1F3}.Debug|Any CPU.ActiveCfg = Debug|Any CPU
		{52EDA605-FCBE-43A9-9FC7-17765D0CE1F3}.Debug|Any CPU.Build.0 = Debug|Any CPU
		{52EDA605-FCBE-43A9-9FC7-17765D0CE1F3}.Debug|x64.ActiveCfg = Debug|Any CPU
		{52EDA605-FCBE-43A9-9FC7-17765D0CE1F3}.Debug|x64.Build.0 = Debug|Any CPU
		{52EDA605-FCBE-43A9-9FC7-17765D0CE1F3}.Debug|x86.ActiveCfg = Debug|Any CPU
		{52EDA605-FCBE-43A9-9FC7-17765D0CE1F3}.Debug|x86.Build.0 = Debug|Any CPU
		{52EDA605-FCBE-43A9-9FC7-17765D0CE1F3}.Release|Any CPU.ActiveCfg = Release|Any CPU
		{52EDA605-FCBE-43A9-9FC7-17765D0CE1F3}.Release|Any CPU.Build.0 = Release|Any CPU
		{52EDA605-FCBE-43A9-9FC7-17765D0CE1F3}.Release|x64.ActiveCfg = Release|Any CPU
		{52EDA605-FCBE-43A9-9FC7-17765D0CE1F3}.Release|x64.Build.0 = Release|Any CPU
		{52EDA605-FCBE-43A9-9FC7-17765D0CE1F3}.Release|x86.ActiveCfg = Release|Any CPU
		{52EDA605-FCBE-43A9-9FC7-17765D0CE1F3}.Release|x86.Build.0 = Release|Any CPU
		{BA70AAF2-7E9F-4FD4-B566-3992932F8F13}.Debug|Any CPU.ActiveCfg = Debug|Any CPU
		{BA70AAF2-7E9F-4FD4-B566-3992932F8F13}.Debug|Any CPU.Build.0 = Debug|Any CPU
		{BA70AAF2-7E9F-4FD4-B566-3992932F8F13}.Debug|x64.ActiveCfg = Debug|Any CPU
		{BA70AAF2-7E9F-4FD4-B566-3992932F8F13}.Debug|x64.Build.0 = Debug|Any CPU
		{BA70AAF2-7E9F-4FD4-B566-3992932F8F13}.Debug|x86.ActiveCfg = Debug|Any CPU
		{BA70AAF2-7E9F-4FD4-B566-3992932F8F13}.Debug|x86.Build.0 = Debug|Any CPU
		{BA70AAF2-7E9F-4FD4-B566-3992932F8F13}.Release|Any CPU.ActiveCfg = Release|Any CPU
		{BA70AAF2-7E9F-4FD4-B566-3992932F8F13}.Release|Any CPU.Build.0 = Release|Any CPU
		{BA70AAF2-7E9F-4FD4-B566-3992932F8F13}.Release|x64.ActiveCfg = Release|Any CPU
		{BA70AAF2-7E9F-4FD4-B566-3992932F8F13}.Release|x64.Build.0 = Release|Any CPU
		{BA70AAF2-7E9F-4FD4-B566-3992932F8F13}.Release|x86.ActiveCfg = Release|Any CPU
		{BA70AAF2-7E9F-4FD4-B566-3992932F8F13}.Release|x86.Build.0 = Release|Any CPU
		{6F906B8F-E71C-4F37-84E5-CB5ABC56D630}.Debug|Any CPU.ActiveCfg = Debug|Any CPU
		{6F906B8F-E71C-4F37-84E5-CB5ABC56D630}.Debug|Any CPU.Build.0 = Debug|Any CPU
		{6F906B8F-E71C-4F37-84E5-CB5ABC56D630}.Debug|x64.ActiveCfg = Debug|Any CPU
		{6F906B8F-E71C-4F37-84E5-CB5ABC56D630}.Debug|x64.Build.0 = Debug|Any CPU
		{6F906B8F-E71C-4F37-84E5-CB5ABC56D630}.Debug|x86.ActiveCfg = Debug|Any CPU
		{6F906B8F-E71C-4F37-84E5-CB5ABC56D630}.Debug|x86.Build.0 = Debug|Any CPU
		{6F906B8F-E71C-4F37-84E5-CB5ABC56D630}.Release|Any CPU.ActiveCfg = Release|Any CPU
		{6F906B8F-E71C-4F37-84E5-CB5ABC56D630}.Release|Any CPU.Build.0 = Release|Any CPU
		{6F906B8F-E71C-4F37-84E5-CB5ABC56D630}.Release|x64.ActiveCfg = Release|Any CPU
		{6F906B8F-E71C-4F37-84E5-CB5ABC56D630}.Release|x64.Build.0 = Release|Any CPU
		{6F906B8F-E71C-4F37-84E5-CB5ABC56D630}.Release|x86.ActiveCfg = Release|Any CPU
		{6F906B8F-E71C-4F37-84E5-CB5ABC56D630}.Release|x86.Build.0 = Release|Any CPU
		{8BA8989C-32EC-46D3-A4D8-4D93B298E488}.Debug|Any CPU.ActiveCfg = Debug|Any CPU
		{8BA8989C-32EC-46D3-A4D8-4D93B298E488}.Debug|Any CPU.Build.0 = Debug|Any CPU
		{8BA8989C-32EC-46D3-A4D8-4D93B298E488}.Debug|x64.ActiveCfg = Debug|Any CPU
		{8BA8989C-32EC-46D3-A4D8-4D93B298E488}.Debug|x64.Build.0 = Debug|Any CPU
		{8BA8989C-32EC-46D3-A4D8-4D93B298E488}.Debug|x86.ActiveCfg = Debug|Any CPU
		{8BA8989C-32EC-46D3-A4D8-4D93B298E488}.Debug|x86.Build.0 = Debug|Any CPU
		{8BA8989C-32EC-46D3-A4D8-4D93B298E488}.Release|Any CPU.ActiveCfg = Release|Any CPU
		{8BA8989C-32EC-46D3-A4D8-4D93B298E488}.Release|Any CPU.Build.0 = Release|Any CPU
		{8BA8989C-32EC-46D3-A4D8-4D93B298E488}.Release|x64.ActiveCfg = Release|Any CPU
		{8BA8989C-32EC-46D3-A4D8-4D93B298E488}.Release|x64.Build.0 = Release|Any CPU
		{8BA8989C-32EC-46D3-A4D8-4D93B298E488}.Release|x86.ActiveCfg = Release|Any CPU
		{8BA8989C-32EC-46D3-A4D8-4D93B298E488}.Release|x86.Build.0 = Release|Any CPU
		{27FF0A53-477B-4CB6-88BD-53372903987B}.Debug|Any CPU.ActiveCfg = Debug|Any CPU
		{27FF0A53-477B-4CB6-88BD-53372903987B}.Debug|Any CPU.Build.0 = Debug|Any CPU
		{27FF0A53-477B-4CB6-88BD-53372903987B}.Debug|x64.ActiveCfg = Debug|Any CPU
		{27FF0A53-477B-4CB6-88BD-53372903987B}.Debug|x64.Build.0 = Debug|Any CPU
		{27FF0A53-477B-4CB6-88BD-53372903987B}.Debug|x86.ActiveCfg = Debug|Any CPU
		{27FF0A53-477B-4CB6-88BD-53372903987B}.Debug|x86.Build.0 = Debug|Any CPU
		{27FF0A53-477B-4CB6-88BD-53372903987B}.Release|Any CPU.ActiveCfg = Release|Any CPU
		{27FF0A53-477B-4CB6-88BD-53372903987B}.Release|Any CPU.Build.0 = Release|Any CPU
		{27FF0A53-477B-4CB6-88BD-53372903987B}.Release|x64.ActiveCfg = Release|Any CPU
		{27FF0A53-477B-4CB6-88BD-53372903987B}.Release|x64.Build.0 = Release|Any CPU
		{27FF0A53-477B-4CB6-88BD-53372903987B}.Release|x86.ActiveCfg = Release|Any CPU
		{27FF0A53-477B-4CB6-88BD-53372903987B}.Release|x86.Build.0 = Release|Any CPU
		{F63367A8-B308-477D-83E0-FDF118142AAA}.Debug|Any CPU.ActiveCfg = Debug|Any CPU
		{F63367A8-B308-477D-83E0-FDF118142AAA}.Debug|Any CPU.Build.0 = Debug|Any CPU
		{F63367A8-B308-477D-83E0-FDF118142AAA}.Debug|x64.ActiveCfg = Debug|Any CPU
		{F63367A8-B308-477D-83E0-FDF118142AAA}.Debug|x64.Build.0 = Debug|Any CPU
		{F63367A8-B308-477D-83E0-FDF118142AAA}.Debug|x86.ActiveCfg = Debug|Any CPU
		{F63367A8-B308-477D-83E0-FDF118142AAA}.Debug|x86.Build.0 = Debug|Any CPU
		{F63367A8-B308-477D-83E0-FDF118142AAA}.Release|Any CPU.ActiveCfg = Release|Any CPU
		{F63367A8-B308-477D-83E0-FDF118142AAA}.Release|Any CPU.Build.0 = Release|Any CPU
		{F63367A8-B308-477D-83E0-FDF118142AAA}.Release|x64.ActiveCfg = Release|Any CPU
		{F63367A8-B308-477D-83E0-FDF118142AAA}.Release|x64.Build.0 = Release|Any CPU
		{F63367A8-B308-477D-83E0-FDF118142AAA}.Release|x86.ActiveCfg = Release|Any CPU
		{F63367A8-B308-477D-83E0-FDF118142AAA}.Release|x86.Build.0 = Release|Any CPU
	EndGlobalSection
	GlobalSection(SolutionProperties) = preSolution
		HideSolutionNode = FALSE
	EndGlobalSection
	GlobalSection(NestedProjects) = preSolution
		{6A8CFDD5-93C0-4010-B77E-E495F4E2B9C0} = {827E0CD3-B72D-47B6-A68D-7590B98EB39B}
		{7562DF36-1373-433C-B569-5CBFC2F4FD6E} = {827E0CD3-B72D-47B6-A68D-7590B98EB39B}
		{17F25332-0128-4BF7-9432-87432DA9EF2C} = {827E0CD3-B72D-47B6-A68D-7590B98EB39B}
		{DC725FD6-47BD-431B-9F6A-3E9DEC76D87C} = {827E0CD3-B72D-47B6-A68D-7590B98EB39B}
		{32CDABFF-901A-4018-9CF7-597A782DAAAD} = {827E0CD3-B72D-47B6-A68D-7590B98EB39B}
		{52EDA605-FCBE-43A9-9FC7-17765D0CE1F3} = {827E0CD3-B72D-47B6-A68D-7590B98EB39B}
		{BA70AAF2-7E9F-4FD4-B566-3992932F8F13} = {827E0CD3-B72D-47B6-A68D-7590B98EB39B}
		{6F906B8F-E71C-4F37-84E5-CB5ABC56D630} = {5D20AA90-6969-D8BD-9DCD-8634F4692FDA}
		{8BA8989C-32EC-46D3-A4D8-4D93B298E488} = {5D20AA90-6969-D8BD-9DCD-8634F4692FDA}
		{27FF0A53-477B-4CB6-88BD-53372903987B} = {0AB3BF05-4346-4AA6-1389-037BE0695223}
		{F63367A8-B308-477D-83E0-FDF118142AAA} = {0AB3BF05-4346-4AA6-1389-037BE0695223}
	EndGlobalSection
EndGlobal
